
Microsoft Visual Studio Solution File, Format Version 12.00
# Visual Studio 2013
VisualStudioVersion = 12.0.40629.0
MinimumVisualStudioVersion = 10.0.40219.1
Project("{FAE04EC0-301F-11D3-BF4B-00C04F79EFBC}") = "ICSharpCode.AvalonEdit", "ICSharpCode.AvalonEdit\ICSharpCode.AvalonEdit.csproj", "{6C55B776-26D4-4DB3-A6AB-87E783B2F3D1}"
EndProject
Project("{2150E333-8FDC-42A3-9474-1A3956D46DE8}") = "Solution Items", "Solution Items", "{B15C820C-AD13-402F-AE89-564BB8E19AED}"
	ProjectSection(SolutionItems) = preProject
		build.cmd = build.cmd
	EndProjectSection
EndProject
Global
	GlobalSection(SolutionConfigurationPlatforms) = preSolution
		Debug|Net35 = Debug|Net35
		Debug|Net40 = Debug|Net40
		Debug|WithNRefactory = Debug|WithNRefactory
		Release|Net35 = Release|Net35
		Release|Net40 = Release|Net40
		Release|WithNRefactory = Release|WithNRefactory
	EndGlobalSection
	GlobalSection(ProjectConfigurationPlatforms) = postSolution
		{6C55B776-26D4-4DB3-A6AB-87E783B2F3D1}.Debug|Net35.ActiveCfg = Debug|Net35
		{6C55B776-26D4-4DB3-A6AB-87E783B2F3D1}.Debug|Net35.Build.0 = Debug|Net35
		{6C55B776-26D4-4DB3-A6AB-87E783B2F3D1}.Debug|Net40.ActiveCfg = Debug|Net40
		{6C55B776-26D4-4DB3-A6AB-87E783B2F3D1}.Debug|Net40.Build.0 = Debug|Net40
		{6C55B776-26D4-4DB3-A6AB-87E783B2F3D1}.Debug|WithNRefactory.ActiveCfg = Debug|WithNRefactory
		{6C55B776-26D4-4DB3-A6AB-87E783B2F3D1}.Debug|WithNRefactory.Build.0 = Debug|WithNRefactory
		{6C55B776-26D4-4DB3-A6AB-87E783B2F3D1}.Release|Net35.ActiveCfg = Release|Net35
		{6C55B776-26D4-4DB3-A6AB-87E783B2F3D1}.Release|Net35.Build.0 = Release|Net35
		{6C55B776-26D4-4DB3-A6AB-87E783B2F3D1}.Release|Net40.ActiveCfg = Release|Net40
		{6C55B776-26D4-4DB3-A6AB-87E783B2F3D1}.Release|Net40.Build.0 = Release|Net40
		{6C55B776-26D4-4DB3-A6AB-87E783B2F3D1}.Release|WithNRefactory.ActiveCfg = Release|WithNRefactory
		{6C55B776-26D4-4DB3-A6AB-87E783B2F3D1}.Release|WithNRefactory.Build.0 = Release|WithNRefactory
	EndGlobalSection
	GlobalSection(SolutionProperties) = preSolution
		HideSolutionNode = FALSE
	EndGlobalSection
EndGlobal
